
Microsoft Visual Studio Solution File, Format Version 12.00
# Visual Studio Version 17
VisualStudioVersion = 17.9.34902.65
MinimumVisualStudioVersion = 10.0.40219.1
Project("{FAE04EC0-301F-11D3-BF4B-00C04F79EFBC}") = "McCapas", "McCapas\McCapas.csproj", "{FB9876FB-2322-4F28-B21D-12533AC18419}"
EndProject
Global
	GlobalSection(SolutionConfigurationPlatforms) = preSolution
		Debug|Any CPU = Debug|Any CPU
		Release|Any CPU = Release|Any CPU
	EndGlobalSection
	GlobalSection(ProjectConfigurationPlatforms) = postSolution
		{FB9876FB-2322-4F28-B21D-12533AC18419}.Debug|Any CPU.ActiveCfg = Debug|Any CPU
		{FB9876FB-2322-4F28-B21D-12533AC18419}.Debug|Any CPU.Build.0 = Debug|Any CPU
		{FB9876FB-2322-4F28-B21D-12533AC18419}.Release|Any CPU.ActiveCfg = Release|Any CPU
		{FB9876FB-2322-4F28-B21D-12533AC18419}.Release|Any CPU.Build.0 = Release|Any CPU
	EndGlobalSection
	GlobalSection(SolutionProperties) = preSolution
		HideSolutionNode = FALSE
	EndGlobalSection
	GlobalSection(ExtensibilityGlobals) = postSolution
		SolutionGuid = {16F4D202-D2EC-4AD8-AAF7-17790D611DD6}
	EndGlobalSection
EndGlobal
